
Microsoft Visual Studio Solution File, Format Version 12.00
# Visual Studio 15
VisualStudioVersion = 15.0.27130.2010
MinimumVisualStudioVersion = 10.0.40219.1
Project("{FAE04EC0-301F-11D3-BF4B-00C04F79EFBC}") = "FortuneTellerMethods", "FortuneTellerMethods\FortuneTellerMethods.csproj", "{B075AF1E-BFF1-4E2C-8608-A9306A27A9F8}"
EndProject
Global
	GlobalSection(SolutionConfigurationPlatforms) = preSolution
		Debug|Any CPU = Debug|Any CPU
		Release|Any CPU = Release|Any CPU
	EndGlobalSection
	GlobalSection(ProjectConfigurationPlatforms) = postSolution
		{B075AF1E-BFF1-4E2C-8608-A9306A27A9F8}.Debug|Any CPU.ActiveCfg = Debug|Any CPU
		{B075AF1E-BFF1-4E2C-8608-A9306A27A9F8}.Debug|Any CPU.Build.0 = Debug|Any CPU
		{B075AF1E-BFF1-4E2C-8608-A9306A27A9F8}.Release|Any CPU.ActiveCfg = Release|Any CPU
		{B075AF1E-BFF1-4E2C-8608-A9306A27A9F8}.Release|Any CPU.Build.0 = Release|Any CPU
	EndGlobalSection
	GlobalSection(SolutionProperties) = preSolution
		HideSolutionNode = FALSE
	EndGlobalSection
	GlobalSection(ExtensibilityGlobals) = postSolution
		SolutionGuid = {88A3B6F5-8489-4117-A5C7-2006F75E92AB}
	EndGlobalSection
EndGlobal
